
Microsoft Visual Studio Solution File, Format Version 12.00
# Visual Studio Version 16
VisualStudioVersion = 16.0.31729.503
MinimumVisualStudioVersion = 10.0.40219.1
Project("{FAE04EC0-301F-11D3-BF4B-00C04F79EFBC}") = "Tapsiriq3", "Tapsiriq3\Tapsiriq3.csproj", "{93B68E32-1A26-41FA-8B83-C28325E64FE0}"
EndProject
Global
	GlobalSection(SolutionConfigurationPlatforms) = preSolution
		Debug|Any CPU = Debug|Any CPU
		Release|Any CPU = Release|Any CPU
	EndGlobalSection
	GlobalSection(ProjectConfigurationPlatforms) = postSolution
		{93B68E32-1A26-41FA-8B83-C28325E64FE0}.Debug|Any CPU.ActiveCfg = Debug|Any CPU
		{93B68E32-1A26-41FA-8B83-C28325E64FE0}.Debug|Any CPU.Build.0 = Debug|Any CPU
		{93B68E32-1A26-41FA-8B83-C28325E64FE0}.Release|Any CPU.ActiveCfg = Release|Any CPU
		{93B68E32-1A26-41FA-8B83-C28325E64FE0}.Release|Any CPU.Build.0 = Release|Any CPU
	EndGlobalSection
	GlobalSection(SolutionProperties) = preSolution
		HideSolutionNode = FALSE
	EndGlobalSection
	GlobalSection(ExtensibilityGlobals) = postSolution
		SolutionGuid = {F7208CBA-B65F-40A2-A846-1BD8F774BD35}
	EndGlobalSection
EndGlobal
